
Microsoft Visual Studio Solution File, Format Version 12.00
# Visual Studio 15
VisualStudioVersion = 15.0.28010.2003
MinimumVisualStudioVersion = 10.0.40219.1
Project("{9092AA53-FB77-4645-B42D-1CCCA6BD08BD}") = "w1-01", "w1-01\w1-01.njsproj", "{FD657E6A-F109-4C26-BD10-071171E24670}"
EndProject
Project("{9092AA53-FB77-4645-B42D-1CCCA6BD08BD}") = "w2-01", "w2-01\w2-01.njsproj", "{3C8FE4D1-F8B0-4ECA-8F25-A6C5BF65F42B}"
EndProject
Project("{9092AA53-FB77-4645-B42D-1CCCA6BD08BD}") = "w2-02", "w2-02\w2-02.njsproj", "{FC48A6D2-0CDF-4934-B54C-515A3F0602CD}"
EndProject
Project("{9092AA53-FB77-4645-B42D-1CCCA6BD08BD}") = "w3-01", "w3-01\w3-01.njsproj", "{3ABA37EA-3C26-4966-B7BA-4FD47B2FE325}"
EndProject
Project("{9092AA53-FB77-4645-B42D-1CCCA6BD08BD}") = "w3-02", "w3-02\w3-02.njsproj", "{34AF9490-A051-4D9D-8B61-BA60274B36B8}"
EndProject
Project("{9092AA53-FB77-4645-B42D-1CCCA6BD08BD}") = "w4-01", "w4-01\w4-01.njsproj", "{C705EA72-816D-46CA-BCF2-BFAB66ABE23C}"
EndProject
Project("{9092AA53-FB77-4645-B42D-1CCCA6BD08BD}") = "w4-02", "w4-02\w4-02.njsproj", "{D073F102-640C-4C3E-8617-5B217BA32F4E}"
EndProject
Project("{9092AA53-FB77-4645-B42D-1CCCA6BD08BD}") = "w5-01", "w5-01\w5-01.njsproj", "{5ADF9AAD-5464-437B-B287-705668324EB5}"
EndProject
Project("{9092AA53-FB77-4645-B42D-1CCCA6BD08BD}") = "w5-02", "w5-02\w5-02.njsproj", "{0DFD250B-DAE4-4C52-9D47-D2B6ECC27B62}"
EndProject
Project("{9092AA53-FB77-4645-B42D-1CCCA6BD08BD}") = "w6-01", "w6-01\w6-01.njsproj", "{22B716E5-B403-46B1-9CFE-50F3A3CD421C}"
EndProject
Project("{9092AA53-FB77-4645-B42D-1CCCA6BD08BD}") = "w6-02", "w6-02\w6-02.njsproj", "{807EEBB3-A16B-4786-811C-A800BB836542}"
EndProject
Project("{9092AA53-FB77-4645-B42D-1CCCA6BD08BD}") = "w7-01", "w7-01\w7-01.njsproj", "{6AADAB8E-1EB6-4F75-B0E5-0F4B610BBABD}"
EndProject
Project("{9092AA53-FB77-4645-B42D-1CCCA6BD08BD}") = "w7-02", "w7-02\w7-02.njsproj", "{ABC8B9E7-637F-4170-939E-CDAE49E2B8B4}"
EndProject
Project("{9092AA53-FB77-4645-B42D-1CCCA6BD08BD}") = "w1-02", "w1-02\w1-02.njsproj", "{FDB214D6-9711-48D6-B159-8CF21BC188CB}"
EndProject
Global
	GlobalSection(SolutionConfigurationPlatforms) = preSolution
		Debug|Any CPU = Debug|Any CPU
		Release|Any CPU = Release|Any CPU
	EndGlobalSection
	GlobalSection(ProjectConfigurationPlatforms) = postSolution
		{FD657E6A-F109-4C26-BD10-071171E24670}.Debug|Any CPU.ActiveCfg = Debug|Any CPU
		{FD657E6A-F109-4C26-BD10-071171E24670}.Debug|Any CPU.Build.0 = Debug|Any CPU
		{FD657E6A-F109-4C26-BD10-071171E24670}.Release|Any CPU.ActiveCfg = Release|Any CPU
		{FD657E6A-F109-4C26-BD10-071171E24670}.Release|Any CPU.Build.0 = Release|Any CPU
		{3C8FE4D1-F8B0-4ECA-8F25-A6C5BF65F42B}.Debug|Any CPU.ActiveCfg = Debug|Any CPU
		{3C8FE4D1-F8B0-4ECA-8F25-A6C5BF65F42B}.Debug|Any CPU.Build.0 = Debug|Any CPU
		{3C8FE4D1-F8B0-4ECA-8F25-A6C5BF65F42B}.Release|Any CPU.ActiveCfg = Release|Any CPU
		{3C8FE4D1-F8B0-4ECA-8F25-A6C5BF65F42B}.Release|Any CPU.Build.0 = Release|Any CPU
		{FC48A6D2-0CDF-4934-B54C-515A3F0602CD}.Debug|Any CPU.ActiveCfg = Debug|Any CPU
		{FC48A6D2-0CDF-4934-B54C-515A3F0602CD}.Debug|Any CPU.Build.0 = Debug|Any CPU
		{FC48A6D2-0CDF-4934-B54C-515A3F0602CD}.Release|Any CPU.ActiveCfg = Release|Any CPU
		{FC48A6D2-0CDF-4934-B54C-515A3F0602CD}.Release|Any CPU.Build.0 = Release|Any CPU
		{3ABA37EA-3C26-4966-B7BA-4FD47B2FE325}.Debug|Any CPU.ActiveCfg = Debug|Any CPU
		{3ABA37EA-3C26-4966-B7BA-4FD47B2FE325}.Debug|Any CPU.Build.0 = Debug|Any CPU
		{3ABA37EA-3C26-4966-B7BA-4FD47B2FE325}.Release|Any CPU.ActiveCfg = Release|Any CPU
		{3ABA37EA-3C26-4966-B7BA-4FD47B2FE325}.Release|Any CPU.Build.0 = Release|Any CPU
		{34AF9490-A051-4D9D-8B61-BA60274B36B8}.Debug|Any CPU.ActiveCfg = Debug|Any CPU
		{34AF9490-A051-4D9D-8B61-BA60274B36B8}.Debug|Any CPU.Build.0 = Debug|Any CPU
		{34AF9490-A051-4D9D-8B61-BA60274B36B8}.Release|Any CPU.ActiveCfg = Release|Any CPU
		{34AF9490-A051-4D9D-8B61-BA60274B36B8}.Release|Any CPU.Build.0 = Release|Any CPU
		{C705EA72-816D-46CA-BCF2-BFAB66ABE23C}.Debug|Any CPU.ActiveCfg = Debug|Any CPU
		{C705EA72-816D-46CA-BCF2-BFAB66ABE23C}.Debug|Any CPU.Build.0 = Debug|Any CPU
		{C705EA72-816D-46CA-BCF2-BFAB66ABE23C}.Release|Any CPU.ActiveCfg = Release|Any CPU
		{C705EA72-816D-46CA-BCF2-BFAB66ABE23C}.Release|Any CPU.Build.0 = Release|Any CPU
		{D073F102-640C-4C3E-8617-5B217BA32F4E}.Debug|Any CPU.ActiveCfg = Debug|Any CPU
		{D073F102-640C-4C3E-8617-5B217BA32F4E}.Debug|Any CPU.Build.0 = Debug|Any CPU
		{D073F102-640C-4C3E-8617-5B217BA32F4E}.Release|Any CPU.ActiveCfg = Release|Any CPU
		{D073F102-640C-4C3E-8617-5B217BA32F4E}.Release|Any CPU.Build.0 = Release|Any CPU
		{5ADF9AAD-5464-437B-B287-705668324EB5}.Debug|Any CPU.ActiveCfg = Debug|Any CPU
		{5ADF9AAD-5464-437B-B287-705668324EB5}.Debug|Any CPU.Build.0 = Debug|Any CPU
		{5ADF9AAD-5464-437B-B287-705668324EB5}.Release|Any CPU.ActiveCfg = Release|Any CPU
		{5ADF9AAD-5464-437B-B287-705668324EB5}.Release|Any CPU.Build.0 = Release|Any CPU
		{0DFD250B-DAE4-4C52-9D47-D2B6ECC27B62}.Debug|Any CPU.ActiveCfg = Debug|Any CPU
		{0DFD250B-DAE4-4C52-9D47-D2B6ECC27B62}.Debug|Any CPU.Build.0 = Debug|Any CPU
		{0DFD250B-DAE4-4C52-9D47-D2B6ECC27B62}.Release|Any CPU.ActiveCfg = Release|Any CPU
		{0DFD250B-DAE4-4C52-9D47-D2B6ECC27B62}.Release|Any CPU.Build.0 = Release|Any CPU
		{22B716E5-B403-46B1-9CFE-50F3A3CD421C}.Debug|Any CPU.ActiveCfg = Debug|Any CPU
		{22B716E5-B403-46B1-9CFE-50F3A3CD421C}.Debug|Any CPU.Build.0 = Debug|Any CPU
		{22B716E5-B403-46B1-9CFE-50F3A3CD421C}.Release|Any CPU.ActiveCfg = Release|Any CPU
		{22B716E5-B403-46B1-9CFE-50F3A3CD421C}.Release|Any CPU.Build.0 = Release|Any CPU
		{807EEBB3-A16B-4786-811C-A800BB836542}.Debug|Any CPU.ActiveCfg = Debug|Any CPU
		{807EEBB3-A16B-4786-811C-A800BB836542}.Debug|Any CPU.Build.0 = Debug|Any CPU
		{807EEBB3-A16B-4786-811C-A800BB836542}.Release|Any CPU.ActiveCfg = Release|Any CPU
		{807EEBB3-A16B-4786-811C-A800BB836542}.Release|Any CPU.Build.0 = Release|Any CPU
		{6AADAB8E-1EB6-4F75-B0E5-0F4B610BBABD}.Debug|Any CPU.ActiveCfg = Debug|Any CPU
		{6AADAB8E-1EB6-4F75-B0E5-0F4B610BBABD}.Debug|Any CPU.Build.0 = Debug|Any CPU
		{6AADAB8E-1EB6-4F75-B0E5-0F4B610BBABD}.Release|Any CPU.ActiveCfg = Release|Any CPU
		{6AADAB8E-1EB6-4F75-B0E5-0F4B610BBABD}.Release|Any CPU.Build.0 = Release|Any CPU
		{ABC8B9E7-637F-4170-939E-CDAE49E2B8B4}.Debug|Any CPU.ActiveCfg = Debug|Any CPU
		{ABC8B9E7-637F-4170-939E-CDAE49E2B8B4}.Debug|Any CPU.Build.0 = Debug|Any CPU
		{ABC8B9E7-637F-4170-939E-CDAE49E2B8B4}.Release|Any CPU.ActiveCfg = Release|Any CPU
		{ABC8B9E7-637F-4170-939E-CDAE49E2B8B4}.Release|Any CPU.Build.0 = Release|Any CPU
		{FDB214D6-9711-48D6-B159-8CF21BC188CB}.Debug|Any CPU.ActiveCfg = Debug|Any CPU
		{FDB214D6-9711-48D6-B159-8CF21BC188CB}.Debug|Any CPU.Build.0 = Debug|Any CPU
		{FDB214D6-9711-48D6-B159-8CF21BC188CB}.Release|Any CPU.ActiveCfg = Release|Any CPU
		{FDB214D6-9711-48D6-B159-8CF21BC188CB}.Release|Any CPU.Build.0 = Release|Any CPU
	EndGlobalSection
	GlobalSection(SolutionProperties) = preSolution
		HideSolutionNode = FALSE
	EndGlobalSection
	GlobalSection(ExtensibilityGlobals) = postSolution
		SolutionGuid = {A68487A6-F1EB-4539-B9DE-A9330FC81110}
	EndGlobalSection
EndGlobal
